
Microsoft Visual Studio Solution File, Format Version 12.00
# Visual Studio 15
VisualStudioVersion = 15.0.28307.572
MinimumVisualStudioVersion = 10.0.40219.1
Project("{FAE04EC0-301F-11D3-BF4B-00C04F79EFBC}") = "HomeWork_02", "HomeWork_02\HomeWork_02.csproj", "{93B4C6B6-8668-4056-8B2E-0F53D4BB8B5B}"
EndProject
Project("{FAE04EC0-301F-11D3-BF4B-00C04F79EFBC}") = "HomeWork_01", "HomeWork_01\HomeWork_01.csproj", "{E166C163-2EE3-4BF9-8895-0F55F5C71442}"
EndProject
Project("{FAE04EC0-301F-11D3-BF4B-00C04F79EFBC}") = "HomeWork_03", "HomeWork_03\HomeWork_03.csproj", "{97204BC9-F9C8-499D-B2DF-8ABC8A6AEBD8}"
EndProject
Project("{FAE04EC0-301F-11D3-BF4B-00C04F79EFBC}") = "HomeWork_04", "HomeWork_04\HomeWork_04.csproj", "{0CD12237-0B47-45F3-AAB0-9759C1227F08}"
EndProject
Global
	GlobalSection(SolutionConfigurationPlatforms) = preSolution
		Debug|Any CPU = Debug|Any CPU
		Release|Any CPU = Release|Any CPU
	EndGlobalSection
	GlobalSection(ProjectConfigurationPlatforms) = postSolution
		{93B4C6B6-8668-4056-8B2E-0F53D4BB8B5B}.Debug|Any CPU.ActiveCfg = Debug|Any CPU
		{93B4C6B6-8668-4056-8B2E-0F53D4BB8B5B}.Debug|Any CPU.Build.0 = Debug|Any CPU
		{93B4C6B6-8668-4056-8B2E-0F53D4BB8B5B}.Release|Any CPU.ActiveCfg = Release|Any CPU
		{93B4C6B6-8668-4056-8B2E-0F53D4BB8B5B}.Release|Any CPU.Build.0 = Release|Any CPU
		{E166C163-2EE3-4BF9-8895-0F55F5C71442}.Debug|Any CPU.ActiveCfg = Debug|Any CPU
		{E166C163-2EE3-4BF9-8895-0F55F5C71442}.Debug|Any CPU.Build.0 = Debug|Any CPU
		{E166C163-2EE3-4BF9-8895-0F55F5C71442}.Release|Any CPU.ActiveCfg = Release|Any CPU
		{E166C163-2EE3-4BF9-8895-0F55F5C71442}.Release|Any CPU.Build.0 = Release|Any CPU
		{97204BC9-F9C8-499D-B2DF-8ABC8A6AEBD8}.Debug|Any CPU.ActiveCfg = Debug|Any CPU
		{97204BC9-F9C8-499D-B2DF-8ABC8A6AEBD8}.Debug|Any CPU.Build.0 = Debug|Any CPU
		{97204BC9-F9C8-499D-B2DF-8ABC8A6AEBD8}.Release|Any CPU.ActiveCfg = Release|Any CPU
		{97204BC9-F9C8-499D-B2DF-8ABC8A6AEBD8}.Release|Any CPU.Build.0 = Release|Any CPU
		{0CD12237-0B47-45F3-AAB0-9759C1227F08}.Debug|Any CPU.ActiveCfg = Debug|Any CPU
		{0CD12237-0B47-45F3-AAB0-9759C1227F08}.Debug|Any CPU.Build.0 = Debug|Any CPU
		{0CD12237-0B47-45F3-AAB0-9759C1227F08}.Release|Any CPU.ActiveCfg = Release|Any CPU
		{0CD12237-0B47-45F3-AAB0-9759C1227F08}.Release|Any CPU.Build.0 = Release|Any CPU
	EndGlobalSection
	GlobalSection(SolutionProperties) = preSolution
		HideSolutionNode = FALSE
	EndGlobalSection
	GlobalSection(ExtensibilityGlobals) = postSolution
		SolutionGuid = {B6942923-ABA5-40B9-B9B2-52B958EDF1FA}
	EndGlobalSection
EndGlobal
